// !$*UTF8*$!
{
	archiveVersion = 1;
	classes = {
	};
	objectVersion = 56;
	objects = {

/* Begin PBXBuildFile section */
		A00100000000000000000001 /* ProfilePilotAIApp.swift in Sources */ = {isa = PBXBuildFile; fileRef = A00200000000000000000001 /* ProfilePilotAIApp.swift */; };
		A00100000000000000000002 /* AppModels.swift in Sources */ = {isa = PBXBuildFile; fileRef = A00200000000000000000002 /* AppModels.swift */; };
		A00100000000000000000003 /* AppViewModel.swift in Sources */ = {isa = PBXBuildFile; fileRef = A00200000000000000000003 /* AppViewModel.swift */; };
		A00100000000000000000004 /* PremiumComponents.swift in Sources */ = {isa = PBXBuildFile; fileRef = A00200000000000000000004 /* PremiumComponents.swift */; };
		A00100000000000000000005 /* RootView.swift in Sources */ = {isa = PBXBuildFile; fileRef = A00200000000000000000005 /* RootView.swift */; };
		A00100000000000000000006 /* OnboardingView.swift in Sources */ = {isa = PBXBuildFile; fileRef = A00200000000000000000006 /* OnboardingView.swift */; };
		A00100000000000000000007 /* DashboardView.swift in Sources */ = {isa = PBXBuildFile; fileRef = A00200000000000000000007 /* DashboardView.swift */; };
		A00100000000000000000008 /* JobAnalyzerView.swift in Sources */ = {isa = PBXBuildFile; fileRef = A00200000000000000000008 /* JobAnalyzerView.swift */; };
		A00100000000000000000009 /* STARBuilderView.swift in Sources */ = {isa = PBXBuildFile; fileRef = A00200000000000000000009 /* STARBuilderView.swift */; };
		A0010000000000000000000A /* VoiceCoachingView.swift in Sources */ = {isa = PBXBuildFile; fileRef = A0020000000000000000000A /* VoiceCoachingView.swift */; };
		A0010000000000000000000B /* MockInterviewView.swift in Sources */ = {isa = PBXBuildFile; fileRef = A0020000000000000000000B /* MockInterviewView.swift */; };
		A0010000000000000000000C /* LibraryTrackerViews.swift in Sources */ = {isa = PBXBuildFile; fileRef = A0020000000000000000000C /* LibraryTrackerViews.swift */; };
		A0010000000000000000000D /* AIServices.swift in Sources */ = {isa = PBXBuildFile; fileRef = A0020000000000000000000D /* AIServices.swift */; };
		A0010000000000000000000E /* SpeechRecognitionService.swift in Sources */ = {isa = PBXBuildFile; fileRef = A0020000000000000000000E /* SpeechRecognitionService.swift */; };
		A0010000000000000000000F /* VoiceRecordingService.swift in Sources */ = {isa = PBXBuildFile; fileRef = A0020000000000000000000F /* VoiceRecordingService.swift */; };
		A00100000000000000000010 /* WaveformAnimationManager.swift in Sources */ = {isa = PBXBuildFile; fileRef = A00200000000000000000010 /* WaveformAnimationManager.swift */; };
		A00100000000000000000011 /* PDFExportService.swift in Sources */ = {isa = PBXBuildFile; fileRef = A00200000000000000000011 /* PDFExportService.swift */; };
		A00100000000000000000012 /* SubscriptionService.swift in Sources */ = {isa = PBXBuildFile; fileRef = A00200000000000000000012 /* SubscriptionService.swift */; };
		A00100000000000000000013 /* WidgetPlaceholder.swift in Sources */ = {isa = PBXBuildFile; fileRef = A00200000000000000000013 /* WidgetPlaceholder.swift */; };
		A00100000000000000000014 /* WatchCompanionPlaceholder.swift in Sources */ = {isa = PBXBuildFile; fileRef = A00200000000000000000014 /* WatchCompanionPlaceholder.swift */; };
/* End PBXBuildFile section */

/* Begin PBXFileReference section */
		A00200000000000000000000 /* ProfilePilot AI.app */ = {isa = PBXFileReference; explicitFileType = wrapper.application; includeInIndex = 0; path = "ProfilePilot AI.app"; sourceTree = BUILT_PRODUCTS_DIR; };
		A00200000000000000000001 /* ProfilePilotAIApp.swift */ = {isa = PBXFileReference; lastKnownFileType = sourcecode.swift; path = ProfilePilotAIApp.swift; sourceTree = "<group>"; };
		A00200000000000000000002 /* AppModels.swift */ = {isa = PBXFileReference; lastKnownFileType = sourcecode.swift; path = AppModels.swift; sourceTree = "<group>"; };
		A00200000000000000000003 /* AppViewModel.swift */ = {isa = PBXFileReference; lastKnownFileType = sourcecode.swift; path = AppViewModel.swift; sourceTree = "<group>"; };
		A00200000000000000000004 /* PremiumComponents.swift */ = {isa = PBXFileReference; lastKnownFileType = sourcecode.swift; path = PremiumComponents.swift; sourceTree = "<group>"; };
		A00200000000000000000005 /* RootView.swift */ = {isa = PBXFileReference; lastKnownFileType = sourcecode.swift; path = RootView.swift; sourceTree = "<group>"; };
		A00200000000000000000006 /* OnboardingView.swift */ = {isa = PBXFileReference; lastKnownFileType = sourcecode.swift; path = OnboardingView.swift; sourceTree = "<group>"; };
		A00200000000000000000007 /* DashboardView.swift */ = {isa = PBXFileReference; lastKnownFileType = sourcecode.swift; path = DashboardView.swift; sourceTree = "<group>"; };
		A00200000000000000000008 /* JobAnalyzerView.swift */ = {isa = PBXFileReference; lastKnownFileType = sourcecode.swift; path = JobAnalyzerView.swift; sourceTree = "<group>"; };
		A00200000000000000000009 /* STARBuilderView.swift */ = {isa = PBXFileReference; lastKnownFileType = sourcecode.swift; path = STARBuilderView.swift; sourceTree = "<group>"; };
		A0020000000000000000000A /* VoiceCoachingView.swift */ = {isa = PBXFileReference; lastKnownFileType = sourcecode.swift; path = VoiceCoachingView.swift; sourceTree = "<group>"; };
		A0020000000000000000000B /* MockInterviewView.swift */ = {isa = PBXFileReference; lastKnownFileType = sourcecode.swift; path = MockInterviewView.swift; sourceTree = "<group>"; };
		A0020000000000000000000C /* LibraryTrackerViews.swift */ = {isa = PBXFileReference; lastKnownFileType = sourcecode.swift; path = LibraryTrackerViews.swift; sourceTree = "<group>"; };
		A0020000000000000000000D /* AIServices.swift */ = {isa = PBXFileReference; lastKnownFileType = sourcecode.swift; path = AIServices.swift; sourceTree = "<group>"; };
		A0020000000000000000000E /* SpeechRecognitionService.swift */ = {isa = PBXFileReference; lastKnownFileType = sourcecode.swift; path = SpeechRecognitionService.swift; sourceTree = "<group>"; };
		A0020000000000000000000F /* VoiceRecordingService.swift */ = {isa = PBXFileReference; lastKnownFileType = sourcecode.swift; path = VoiceRecordingService.swift; sourceTree = "<group>"; };
		A00200000000000000000010 /* WaveformAnimationManager.swift */ = {isa = PBXFileReference; lastKnownFileType = sourcecode.swift; path = WaveformAnimationManager.swift; sourceTree = "<group>"; };
		A00200000000000000000011 /* PDFExportService.swift */ = {isa = PBXFileReference; lastKnownFileType = sourcecode.swift; path = PDFExportService.swift; sourceTree = "<group>"; };
		A00200000000000000000012 /* SubscriptionService.swift */ = {isa = PBXFileReference; lastKnownFileType = sourcecode.swift; path = SubscriptionService.swift; sourceTree = "<group>"; };
		A00200000000000000000013 /* WidgetPlaceholder.swift */ = {isa = PBXFileReference; lastKnownFileType = sourcecode.swift; path = WidgetPlaceholder.swift; sourceTree = "<group>"; };
		A00200000000000000000014 /* WatchCompanionPlaceholder.swift */ = {isa = PBXFileReference; lastKnownFileType = sourcecode.swift; path = WatchCompanionPlaceholder.swift; sourceTree = "<group>"; };
		A00200000000000000000015 /* Info.plist */ = {isa = PBXFileReference; lastKnownFileType = text.plist.xml; path = Info.plist; sourceTree = "<group>"; };
/* End PBXFileReference section */

/* Begin PBXFrameworksBuildPhase section */
		A00300000000000000000000 /* Frameworks */ = {isa = PBXFrameworksBuildPhase; buildActionMask = 2147483647; files = (); runOnlyForDeploymentPostprocessing = 0; };
/* End PBXFrameworksBuildPhase section */

/* Begin PBXGroup section */
		A00400000000000000000000 = {isa = PBXGroup; children = (A00400000000000000000001 /* ProfilePilotAI */, A00400000000000000000002 /* Products */); sourceTree = "<group>"; };
		A00400000000000000000001 /* ProfilePilotAI */ = {isa = PBXGroup; children = (A00200000000000000000001 /* ProfilePilotAIApp.swift */, A00200000000000000000015 /* Info.plist */, A00400000000000000000003 /* Models */, A00400000000000000000004 /* ViewModels */, A00400000000000000000005 /* Views */, A00400000000000000000006 /* Components */, A00400000000000000000007 /* Services */, A00400000000000000000008 /* Voice */, A00400000000000000000009 /* WidgetsPlaceholder */, A0040000000000000000000A /* WatchPlaceholder */); path = ProfilePilotAI; sourceTree = "<group>"; };
		A00400000000000000000002 /* Products */ = {isa = PBXGroup; children = (A00200000000000000000000 /* ProfilePilot AI.app */); name = Products; sourceTree = "<group>"; };
		A00400000000000000000003 /* Models */ = {isa = PBXGroup; children = (A00200000000000000000002 /* AppModels.swift */); path = Models; sourceTree = "<group>"; };
		A00400000000000000000004 /* ViewModels */ = {isa = PBXGroup; children = (A00200000000000000000003 /* AppViewModel.swift */); path = ViewModels; sourceTree = "<group>"; };
		A00400000000000000000005 /* Views */ = {isa = PBXGroup; children = (A00200000000000000000005 /* RootView.swift */, A00200000000000000000006 /* OnboardingView.swift */, A00200000000000000000007 /* DashboardView.swift */, A00200000000000000000008 /* JobAnalyzerView.swift */, A00200000000000000000009 /* STARBuilderView.swift */, A0020000000000000000000A /* VoiceCoachingView.swift */, A0020000000000000000000B /* MockInterviewView.swift */, A0020000000000000000000C /* LibraryTrackerViews.swift */); path = Views; sourceTree = "<group>"; };
		A00400000000000000000006 /* Components */ = {isa = PBXGroup; children = (A00200000000000000000004 /* PremiumComponents.swift */); path = Components; sourceTree = "<group>"; };
		A00400000000000000000007 /* Services */ = {isa = PBXGroup; children = (A0020000000000000000000D /* AIServices.swift */, A00200000000000000000011 /* PDFExportService.swift */, A00200000000000000000012 /* SubscriptionService.swift */); path = Services; sourceTree = "<group>"; };
		A00400000000000000000008 /* Voice */ = {isa = PBXGroup; children = (A0020000000000000000000E /* SpeechRecognitionService.swift */, A0020000000000000000000F /* VoiceRecordingService.swift */, A00200000000000000000010 /* WaveformAnimationManager.swift */); path = Voice; sourceTree = "<group>"; };
		A00400000000000000000009 /* WidgetsPlaceholder */ = {isa = PBXGroup; children = (A00200000000000000000013 /* WidgetPlaceholder.swift */); path = WidgetsPlaceholder; sourceTree = "<group>"; };
		A0040000000000000000000A /* WatchPlaceholder */ = {isa = PBXGroup; children = (A00200000000000000000014 /* WatchCompanionPlaceholder.swift */); path = WatchPlaceholder; sourceTree = "<group>"; };
/* End PBXGroup section */

/* Begin PBXNativeTarget section */
		A00500000000000000000000 /* ProfilePilot AI */ = {isa = PBXNativeTarget; buildConfigurationList = A00900000000000000000001 /* Build configuration list for PBXNativeTarget "ProfilePilot AI" */; buildPhases = (A00600000000000000000000 /* Sources */, A00300000000000000000000 /* Frameworks */, A00700000000000000000000 /* Resources */); buildRules = (); dependencies = (); name = "ProfilePilot AI"; productName = "ProfilePilot AI"; productReference = A00200000000000000000000 /* ProfilePilot AI.app */; productType = "com.apple.product-type.application"; };
/* End PBXNativeTarget section */

/* Begin PBXProject section */
		A00800000000000000000000 /* Project object */ = {isa = PBXProject; attributes = {BuildIndependentTargetsInParallel = 1; LastSwiftUpdateCheck = 1600; LastUpgradeCheck = 1600; TargetAttributes = {A00500000000000000000000 = {CreatedOnToolsVersion = 16.0;};};}; buildConfigurationList = A00900000000000000000000 /* Build configuration list for PBXProject "ProfilePilotAI" */; compatibilityVersion = "Xcode 14.0"; developmentRegion = en; hasScannedForEncodings = 0; knownRegions = (en, Base); mainGroup = A00400000000000000000000; productRefGroup = A00400000000000000000002 /* Products */; projectDirPath = ""; projectRoot = ""; targets = (A00500000000000000000000 /* ProfilePilot AI */); };
/* End PBXProject section */

/* Begin PBXResourcesBuildPhase section */
		A00700000000000000000000 /* Resources */ = {isa = PBXResourcesBuildPhase; buildActionMask = 2147483647; files = (); runOnlyForDeploymentPostprocessing = 0; };
/* End PBXResourcesBuildPhase section */

/* Begin PBXSourcesBuildPhase section */
		A00600000000000000000000 /* Sources */ = {isa = PBXSourcesBuildPhase; buildActionMask = 2147483647; files = (A00100000000000000000001, A00100000000000000000002, A00100000000000000000003, A00100000000000000000004, A00100000000000000000005, A00100000000000000000006, A00100000000000000000007, A00100000000000000000008, A00100000000000000000009, A0010000000000000000000A, A0010000000000000000000B, A0010000000000000000000C, A0010000000000000000000D, A0010000000000000000000E, A0010000000000000000000F, A00100000000000000000010, A00100000000000000000011, A00100000000000000000012, A00100000000000000000013, A00100000000000000000014); runOnlyForDeploymentPostprocessing = 0; };
/* End PBXSourcesBuildPhase section */

/* Begin XCBuildConfiguration section */
		A00A00000000000000000000 /* Debug */ = {isa = XCBuildConfiguration; buildSettings = {ALWAYS_SEARCH_USER_PATHS = NO; CLANG_ANALYZER_NONNULL = YES; CLANG_ANALYZER_NUMBER_OBJECT_CONVERSION = YES_AGGRESSIVE; CLANG_CXX_LANGUAGE_STANDARD = "gnu++20"; CLANG_ENABLE_MODULES = YES; CLANG_ENABLE_OBJC_ARC = YES; CLANG_ENABLE_OBJC_WEAK = YES; CLANG_WARN_BLOCK_CAPTURE_AUTORELEASING = YES; CLANG_WARN_BOOL_CONVERSION = YES; CLANG_WARN_COMMA = YES; CLANG_WARN_CONSTANT_CONVERSION = YES; CLANG_WARN_DEPRECATED_OBJC_IMPLEMENTATIONS = YES; CLANG_WARN_DIRECT_OBJC_ISA_USAGE = YES_ERROR; CLANG_WARN_DOCUMENTATION_COMMENTS = YES; CLANG_WARN_EMPTY_BODY = YES; CLANG_WARN_ENUM_CONVERSION = YES; CLANG_WARN_INFINITE_RECURSION = YES; CLANG_WARN_INT_CONVERSION = YES; CLANG_WARN_NON_LITERAL_NULL_CONVERSION = YES; CLANG_WARN_OBJC_IMPLICIT_RETAIN_SELF = YES; CLANG_WARN_OBJC_LITERAL_CONVERSION = YES; CLANG_WARN_OBJC_ROOT_CLASS = YES_ERROR; CLANG_WARN_QUOTED_INCLUDE_IN_FRAMEWORK_HEADER = YES; CLANG_WARN_RANGE_LOOP_ANALYSIS = YES; CLANG_WARN_STRICT_PROTOTYPES = YES; CLANG_WARN_SUSPICIOUS_MOVE = YES; CLANG_WARN_UNGUARDED_AVAILABILITY = YES_AGGRESSIVE; CLANG_WARN_UNREACHABLE_CODE = YES; CLANG_WARN__DUPLICATE_METHOD_MATCH = YES; COPY_PHASE_STRIP = NO; DEBUG_INFORMATION_FORMAT = dwarf; ENABLE_STRICT_OBJC_MSGSEND = YES; ENABLE_TESTABILITY = YES; GCC_C_LANGUAGE_STANDARD = gnu17; GCC_DYNAMIC_NO_PIC = NO; GCC_NO_COMMON_BLOCKS = YES; GCC_OPTIMIZATION_LEVEL = 0; GCC_PREPROCESSOR_DEFINITIONS = ("DEBUG=1", "$(inherited)"); GCC_WARN_64_TO_32_BIT_CONVERSION = YES; GCC_WARN_ABOUT_RETURN_TYPE = YES_ERROR; GCC_WARN_UNDECLARED_SELECTOR = YES; GCC_WARN_UNINITIALIZED_AUTOS = YES_AGGRESSIVE; GCC_WARN_UNUSED_FUNCTION = YES; GCC_WARN_UNUSED_VARIABLE = YES; IPHONEOS_DEPLOYMENT_TARGET = 17.0; MTL_ENABLE_DEBUG_INFO = INCLUDE_SOURCE; MTL_FAST_MATH = YES; ONLY_ACTIVE_ARCH = YES; SDKROOT = iphoneos; SWIFT_ACTIVE_COMPILATION_CONDITIONS = DEBUG; SWIFT_OPTIMIZATION_LEVEL = "-Onone"; }; name = Debug; };
		A00A00000000000000000001 /* Release */ = {isa = XCBuildConfiguration; buildSettings = {ALWAYS_SEARCH_USER_PATHS = NO; CLANG_ANALYZER_NONNULL = YES; CLANG_ANALYZER_NUMBER_OBJECT_CONVERSION = YES_AGGRESSIVE; CLANG_CXX_LANGUAGE_STANDARD = "gnu++20"; CLANG_ENABLE_MODULES = YES; CLANG_ENABLE_OBJC_ARC = YES; CLANG_ENABLE_OBJC_WEAK = YES; CLANG_WARN_BLOCK_CAPTURE_AUTORELEASING = YES; CLANG_WARN_BOOL_CONVERSION = YES; CLANG_WARN_COMMA = YES; CLANG_WARN_CONSTANT_CONVERSION = YES; CLANG_WARN_DEPRECATED_OBJC_IMPLEMENTATIONS = YES; CLANG_WARN_DIRECT_OBJC_ISA_USAGE = YES_ERROR; CLANG_WARN_DOCUMENTATION_COMMENTS = YES; CLANG_WARN_EMPTY_BODY = YES; CLANG_WARN_ENUM_CONVERSION = YES; CLANG_WARN_INFINITE_RECURSION = YES; CLANG_WARN_INT_CONVERSION = YES; CLANG_WARN_NON_LITERAL_NULL_CONVERSION = YES; CLANG_WARN_OBJC_IMPLICIT_RETAIN_SELF = YES; CLANG_WARN_OBJC_LITERAL_CONVERSION = YES; CLANG_WARN_OBJC_ROOT_CLASS = YES_ERROR; CLANG_WARN_QUOTED_INCLUDE_IN_FRAMEWORK_HEADER = YES; CLANG_WARN_RANGE_LOOP_ANALYSIS = YES; CLANG_WARN_STRICT_PROTOTYPES = YES; CLANG_WARN_SUSPICIOUS_MOVE = YES; CLANG_WARN_UNGUARDED_AVAILABILITY = YES_AGGRESSIVE; CLANG_WARN_UNREACHABLE_CODE = YES; CLANG_WARN__DUPLICATE_METHOD_MATCH = YES; COPY_PHASE_STRIP = NO; DEBUG_INFORMATION_FORMAT = "dwarf-with-dsym"; ENABLE_NS_ASSERTIONS = NO; ENABLE_STRICT_OBJC_MSGSEND = YES; GCC_C_LANGUAGE_STANDARD = gnu17; GCC_NO_COMMON_BLOCKS = YES; GCC_WARN_64_TO_32_BIT_CONVERSION = YES; GCC_WARN_ABOUT_RETURN_TYPE = YES_ERROR; GCC_WARN_UNDECLARED_SELECTOR = YES; GCC_WARN_UNINITIALIZED_AUTOS = YES_AGGRESSIVE; GCC_WARN_UNUSED_FUNCTION = YES; GCC_WARN_UNUSED_VARIABLE = YES; IPHONEOS_DEPLOYMENT_TARGET = 17.0; MTL_ENABLE_DEBUG_INFO = NO; MTL_FAST_MATH = YES; SDKROOT = iphoneos; SWIFT_COMPILATION_MODE = wholemodule; SWIFT_OPTIMIZATION_LEVEL = "-O"; VALIDATE_PRODUCT = YES; }; name = Release; };
		A00A00000000000000000002 /* Debug */ = {isa = XCBuildConfiguration; buildSettings = {ASSETCATALOG_COMPILER_APPICON_NAME = AppIcon; CODE_SIGN_STYLE = Automatic; CURRENT_PROJECT_VERSION = 1; DEVELOPMENT_ASSET_PATHS = "\"ProfilePilotAI/HumanAssetsPlaceholder\""; GENERATE_INFOPLIST_FILE = NO; INFOPLIST_FILE = ProfilePilotAI/Info.plist; MARKETING_VERSION = 1.0; PRODUCT_BUNDLE_IDENTIFIER = com.profilepilot.ai; PRODUCT_NAME = "$(TARGET_NAME)"; SUPPORTED_PLATFORMS = "iphoneos iphonesimulator"; SUPPORTS_MACCATALYST = NO; SUPPORTS_MAC_DESIGNED_FOR_IPHONE_IPAD = YES; SWIFT_EMIT_LOC_STRINGS = YES; SWIFT_VERSION = 5.0; TARGETED_DEVICE_FAMILY = "1,2"; }; name = Debug; };
		A00A00000000000000000003 /* Release */ = {isa = XCBuildConfiguration; buildSettings = {ASSETCATALOG_COMPILER_APPICON_NAME = AppIcon; CODE_SIGN_STYLE = Automatic; CURRENT_PROJECT_VERSION = 1; DEVELOPMENT_ASSET_PATHS = "\"ProfilePilotAI/HumanAssetsPlaceholder\""; GENERATE_INFOPLIST_FILE = NO; INFOPLIST_FILE = ProfilePilotAI/Info.plist; MARKETING_VERSION = 1.0; PRODUCT_BUNDLE_IDENTIFIER = com.profilepilot.ai; PRODUCT_NAME = "$(TARGET_NAME)"; SUPPORTED_PLATFORMS = "iphoneos iphonesimulator"; SUPPORTS_MACCATALYST = NO; SUPPORTS_MAC_DESIGNED_FOR_IPHONE_IPAD = YES; SWIFT_EMIT_LOC_STRINGS = YES; SWIFT_VERSION = 5.0; TARGETED_DEVICE_FAMILY = "1,2"; }; name = Release; };
/* End XCBuildConfiguration section */

/* Begin XCConfigurationList section */
		A00900000000000000000000 /* Build configuration list for PBXProject "ProfilePilotAI" */ = {isa = XCConfigurationList; buildConfigurations = (A00A00000000000000000000 /* Debug */, A00A00000000000000000001 /* Release */); defaultConfigurationIsVisible = 0; defaultConfigurationName = Release; };
		A00900000000000000000001 /* Build configuration list for PBXNativeTarget "ProfilePilot AI" */ = {isa = XCConfigurationList; buildConfigurations = (A00A00000000000000000002 /* Debug */, A00A00000000000000000003 /* Release */); defaultConfigurationIsVisible = 0; defaultConfigurationName = Release; };
/* End XCConfigurationList section */
	};
	rootObject = A00800000000000000000000 /* Project object */;
}
